
Microsoft Visual Studio Solution File, Format Version 12.00
# Visual Studio 14
VisualStudioVersion = 14.0.25123.0
MinimumVisualStudioVersion = 10.0.40219.1
Project("{8BC9CEB8-8B4A-11D0-8D11-00A0C91BC942}") = "01-heapStack", "01-heapStack\01-heapStack.vcxproj", "{57E6847E-E7FD-4515-8C28-C41BF996CE52}"
EndProject
Project("{8BC9CEB8-8B4A-11D0-8D11-00A0C91BC942}") = "02-pointers", "02-pointers\02-pointers.vcxproj", "{2E22ACDE-10D1-459F-9F7E-DD5708B4D42D}"
EndProject
Project("{8BC9CEB8-8B4A-11D0-8D11-00A0C91BC942}") = "03-Refrence", "03-Refrence\03-Refrence.vcxproj", "{7893BC46-DF8E-4272-93D9-625C84F822C0}"
EndProject
Project("{8BC9CEB8-8B4A-11D0-8D11-00A0C91BC942}") = "04-CLSDuration", "04-CLSDuration\04-CLSDuration.vcxproj", "{8D91340F-A423-4154-9390-C10EBD994C20}"
EndProject
Project("{8BC9CEB8-8B4A-11D0-8D11-00A0C91BC942}") = "05-File_IO", "05-File_IO\05-File_IO.vcxproj", "{7ACCF8CF-6993-4915-874D-9AC8927D9B10}"
EndProject
Global
	GlobalSection(SolutionConfigurationPlatforms) = preSolution
		Debug|x64 = Debug|x64
		Debug|x86 = Debug|x86
		Release|x64 = Release|x64
		Release|x86 = Release|x86
	EndGlobalSection
	GlobalSection(ProjectConfigurationPlatforms) = postSolution
		{57E6847E-E7FD-4515-8C28-C41BF996CE52}.Debug|x64.ActiveCfg = Debug|x64
		{57E6847E-E7FD-4515-8C28-C41BF996CE52}.Debug|x64.Build.0 = Debug|x64
		{57E6847E-E7FD-4515-8C28-C41BF996CE52}.Debug|x86.ActiveCfg = Debug|Win32
		{57E6847E-E7FD-4515-8C28-C41BF996CE52}.Debug|x86.Build.0 = Debug|Win32
		{57E6847E-E7FD-4515-8C28-C41BF996CE52}.Release|x64.ActiveCfg = Release|x64
		{57E6847E-E7FD-4515-8C28-C41BF996CE52}.Release|x64.Build.0 = Release|x64
		{57E6847E-E7FD-4515-8C28-C41BF996CE52}.Release|x86.ActiveCfg = Release|Win32
		{57E6847E-E7FD-4515-8C28-C41BF996CE52}.Release|x86.Build.0 = Release|Win32
		{2E22ACDE-10D1-459F-9F7E-DD5708B4D42D}.Debug|x64.ActiveCfg = Debug|x64
		{2E22ACDE-10D1-459F-9F7E-DD5708B4D42D}.Debug|x64.Build.0 = Debug|x64
		{2E22ACDE-10D1-459F-9F7E-DD5708B4D42D}.Debug|x86.ActiveCfg = Debug|Win32
		{2E22ACDE-10D1-459F-9F7E-DD5708B4D42D}.Debug|x86.Build.0 = Debug|Win32
		{2E22ACDE-10D1-459F-9F7E-DD5708B4D42D}.Release|x64.ActiveCfg = Release|x64
		{2E22ACDE-10D1-459F-9F7E-DD5708B4D42D}.Release|x64.Build.0 = Release|x64
		{2E22ACDE-10D1-459F-9F7E-DD5708B4D42D}.Release|x86.ActiveCfg = Release|Win32
		{2E22ACDE-10D1-459F-9F7E-DD5708B4D42D}.Release|x86.Build.0 = Release|Win32
		{7893BC46-DF8E-4272-93D9-625C84F822C0}.Debug|x64.ActiveCfg = Debug|x64
		{7893BC46-DF8E-4272-93D9-625C84F822C0}.Debug|x64.Build.0 = Debug|x64
		{7893BC46-DF8E-4272-93D9-625C84F822C0}.Debug|x86.ActiveCfg = Debug|Win32
		{7893BC46-DF8E-4272-93D9-625C84F822C0}.Debug|x86.Build.0 = Debug|Win32
		{7893BC46-DF8E-4272-93D9-625C84F822C0}.Release|x64.ActiveCfg = Release|x64
		{7893BC46-DF8E-4272-93D9-625C84F822C0}.Release|x64.Build.0 = Release|x64
		{7893BC46-DF8E-4272-93D9-625C84F822C0}.Release|x86.ActiveCfg = Release|Win32
		{7893BC46-DF8E-4272-93D9-625C84F822C0}.Release|x86.Build.0 = Release|Win32
		{8D91340F-A423-4154-9390-C10EBD994C20}.Debug|x64.ActiveCfg = Debug|x64
		{8D91340F-A423-4154-9390-C10EBD994C20}.Debug|x64.Build.0 = Debug|x64
		{8D91340F-A423-4154-9390-C10EBD994C20}.Debug|x86.ActiveCfg = Debug|Win32
		{8D91340F-A423-4154-9390-C10EBD994C20}.Debug|x86.Build.0 = Debug|Win32
		{8D91340F-A423-4154-9390-C10EBD994C20}.Release|x64.ActiveCfg = Release|x64
		{8D91340F-A423-4154-9390-C10EBD994C20}.Release|x64.Build.0 = Release|x64
		{8D91340F-A423-4154-9390-C10EBD994C20}.Release|x86.ActiveCfg = Release|Win32
		{8D91340F-A423-4154-9390-C10EBD994C20}.Release|x86.Build.0 = Release|Win32
		{7ACCF8CF-6993-4915-874D-9AC8927D9B10}.Debug|x64.ActiveCfg = Debug|x64
		{7ACCF8CF-6993-4915-874D-9AC8927D9B10}.Debug|x64.Build.0 = Debug|x64
		{7ACCF8CF-6993-4915-874D-9AC8927D9B10}.Debug|x86.ActiveCfg = Debug|Win32
		{7ACCF8CF-6993-4915-874D-9AC8927D9B10}.Debug|x86.Build.0 = Debug|Win32
		{7ACCF8CF-6993-4915-874D-9AC8927D9B10}.Release|x64.ActiveCfg = Release|x64
		{7ACCF8CF-6993-4915-874D-9AC8927D9B10}.Release|x64.Build.0 = Release|x64
		{7ACCF8CF-6993-4915-874D-9AC8927D9B10}.Release|x86.ActiveCfg = Release|Win32
		{7ACCF8CF-6993-4915-874D-9AC8927D9B10}.Release|x86.Build.0 = Release|Win32
	EndGlobalSection
	GlobalSection(SolutionProperties) = preSolution
		HideSolutionNode = FALSE
	EndGlobalSection
EndGlobal
